// !$*UTF8*$!
{
	archiveVersion = 1;
	classes = {
	};
	objectVersion = 77;
	objects = {

/* Begin PBXBuildFile section */
		2207A8BA30556157007BEABF /* GoogleMobileAds in Frameworks */ = {isa = PBXBuildFile; productRef = 2207A8B930556157007BEABF /* GoogleMobileAds */; };
		2207A8BD30556177007BEABF /* UnityAds in Frameworks */ = {isa = PBXBuildFile; productRef = 2207A8BC30556177007BEABF /* UnityAds */; };
		2207A8C030556196007BEABF /* UnityMediationSDK in Frameworks */ = {isa = PBXBuildFile; productRef = 2207A8BF30556196007BEABF /* UnityMediationSDK */; };
		2207A8C3305561B0007BEABF /* UnityAdsAdapter in Frameworks */ = {isa = PBXBuildFile; productRef = 2207A8C2305561B0007BEABF /* UnityAdsAdapter */; };
		2207A8C630556300007BEABF /* AdMobAdapter in Frameworks */ = {isa = PBXBuildFile; productRef = 2207A8C530556300007BEABF /* AdMobAdapter */; };
/* End PBXBuildFile section */

/* Begin PBXFileReference section */
		2207A8A630555E40007BEABF /* CoinWatchCap.app */ = {isa = PBXFileReference; explicitFileType = wrapper.application; includeInIndex = 0; path = CoinWatchCap.app; sourceTree = BUILT_PRODUCTS_DIR; };
/* End PBXFileReference section */

/* Begin PBXFileSystemSynchronizedBuildFileExceptionSet section */
		2207A8C430556200007BEABF /* Exceptions for "CoinWatchCap" folder in "CoinWatchCap" target */ = {
			isa = PBXFileSystemSynchronizedBuildFileExceptionSet;
			membershipExceptions = (
				Info.plist,
			);
			target = 2207A8A530555E40007BEABF /* CoinWatchCap */;
		};
/* End PBXFileSystemSynchronizedBuildFileExceptionSet section */

/* Begin PBXFileSystemSynchronizedRootGroup section */
		2207A8A830555E40007BEABF /* CoinWatchCap */ = {
			isa = PBXFileSystemSynchronizedRootGroup;
			exceptions = (
				2207A8C430556200007BEABF /* Exceptions for "CoinWatchCap" folder in "CoinWatchCap" target */,
			);
			path = CoinWatchCap;
			sourceTree = "<group>";
		};
/* End PBXFileSystemSynchronizedRootGroup section */

/* Begin PBXFrameworksBuildPhase section */
		2207A8A330555E40007BEABF /* Frameworks */ = {
			isa = PBXFrameworksBuildPhase;
			buildActionMask = 2147483647;
			files = (
				2207A8C030556196007BEABF /* UnityMediationSDK in Frameworks */,
				2207A8C3305561B0007BEABF /* UnityAdsAdapter in Frameworks */,
				2207A8C630556300007BEABF /* AdMobAdapter in Frameworks */,
				2207A8BA30556157007BEABF /* GoogleMobileAds in Frameworks */,
				2207A8BD30556177007BEABF /* UnityAds in Frameworks */,
			);
			runOnlyForDeploymentPostprocessing = 0;
		};
/* End PBXFrameworksBuildPhase section */

/* Begin PBXGroup section */
		2207A89D30555E40007BEABF = {
			isa = PBXGroup;
			children = (
				2207A8A830555E40007BEABF /* CoinWatchCap */,
				2207A8A730555E40007BEABF /* Products */,
			);
			sourceTree = "<group>";
		};
		2207A8A730555E40007BEABF /* Products */ = {
			isa = PBXGroup;
			children = (
				2207A8A630555E40007BEABF /* CoinWatchCap.app */,
			);
			name = Products;
			sourceTree = "<group>";
		};
/* End PBXGroup section */

/* Begin PBXNativeTarget section */
		2207A8A530555E40007BEABF /* CoinWatchCap */ = {
			isa = PBXNativeTarget;
			buildConfigurationList = 2207A8B130555E42007BEABF /* Build configuration list for PBXNativeTarget "CoinWatchCap" */;
			buildPhases = (
				2207A8A230555E40007BEABF /* Sources */,
				2207A8A330555E40007BEABF /* Frameworks */,
				2207A8A430555E40007BEABF /* Resources */,
			);
			buildRules = (
			);
			dependencies = (
			);
			fileSystemSynchronizedGroups = (
				2207A8A830555E40007BEABF /* CoinWatchCap */,
			);
			name = CoinWatchCap;
			packageProductDependencies = (
				2207A8B930556157007BEABF /* GoogleMobileAds */,
				2207A8BC30556177007BEABF /* UnityAds */,
				2207A8BF30556196007BEABF /* UnityMediationSDK */,
				2207A8C2305561B0007BEABF /* UnityAdsAdapter */,
				2207A8C530556300007BEABF /* AdMobAdapter */,
			);
			productName = CoinWatchCap;
			productReference = 2207A8A630555E40007BEABF /* CoinWatchCap.app */;
			productType = "com.apple.product-type.application";
		};
/* End PBXNativeTarget section */

/* Begin PBXProject section */
		2207A89E30555E40007BEABF /* Project object */ = {
			isa = PBXProject;
			attributes = {
				BuildIndependentTargetsInParallel = 1;
				LastSwiftUpdateCheck = 2650;
				LastUpgradeCheck = 2650;
				TargetAttributes = {
					2207A8A530555E40007BEABF = {
						CreatedOnToolsVersion = 26.5;
					};
				};
			};
			buildConfigurationList = 2207A8A130555E40007BEABF /* Build configuration list for PBXProject "CoinWatchCap" */;
			developmentRegion = en;
			hasScannedForEncodings = 0;
			knownRegions = (
				en,
				Base,
			);
			mainGroup = 2207A89D30555E40007BEABF;
			minimizedProjectReferenceProxies = 1;
			packageReferences = (
				2207A8B830556157007BEABF /* XCRemoteSwiftPackageReference "swift-package-manager-google-mobile-ads" */,
				2207A8BB30556177007BEABF /* XCRemoteSwiftPackageReference "Unity-Ads-Swift-Package" */,
				2207A8BE30556196007BEABF /* XCRemoteSwiftPackageReference "LevelPlay-Swift-Package" */,
				2207A8C1305561B0007BEABF /* XCRemoteSwiftPackageReference "LevelPlay-UnityAds-Adapter-Swift-Package" */,
				2207A8C730556300007BEABF /* XCRemoteSwiftPackageReference "LevelPlay-AdMob-Adapter-Swift-Package" */,
			);
			preferredProjectObjectVersion = 77;
			productRefGroup = 2207A8A730555E40007BEABF /* Products */;
			projectDirPath = "";
			projectRoot = "";
			targets = (
				2207A8A530555E40007BEABF /* CoinWatchCap */,
			);
		};
/* End PBXProject section */

/* Begin PBXResourcesBuildPhase section */
		2207A8A430555E40007BEABF /* Resources */ = {
			isa = PBXResourcesBuildPhase;
			buildActionMask = 2147483647;
			files = (
			);
			runOnlyForDeploymentPostprocessing = 0;
		};
/* End PBXResourcesBuildPhase section */

/* Begin PBXSourcesBuildPhase section */
		2207A8A230555E40007BEABF /* Sources */ = {
			isa = PBXSourcesBuildPhase;
			buildActionMask = 2147483647;
			files = (
			);
			runOnlyForDeploymentPostprocessing = 0;
		};
/* End PBXSourcesBuildPhase section */

/* Begin XCBuildConfiguration section */
		2207A8AF30555E42007BEABF /* Debug */ = {
			isa = XCBuildConfiguration;
			buildSettings = {
				ALWAYS_SEARCH_USER_PATHS = NO;
				ASSETCATALOG_COMPILER_GENERATE_SWIFT_ASSET_SYMBOL_EXTENSIONS = YES;
				CLANG_ANALYZER_NONNULL = YES;
				CLANG_ANALYZER_NUMBER_OBJECT_CONVERSION = YES_AGGRESSIVE;
				CLANG_CXX_LANGUAGE_STANDARD = "gnu++20";
				CLANG_ENABLE_MODULES = YES;
				CLANG_ENABLE_OBJC_ARC = YES;
				CLANG_ENABLE_OBJC_WEAK = YES;
				CLANG_WARN_BLOCK_CAPTURE_AUTORELEASING = YES;
				CLANG_WARN_BOOL_CONVERSION = YES;
				CLANG_WARN_COMMA = YES;
				CLANG_WARN_CONSTANT_CONVERSION = YES;
				CLANG_WARN_DEPRECATED_OBJC_IMPLEMENTATIONS = YES;
				CLANG_WARN_DIRECT_OBJC_ISA_USAGE = YES_ERROR;
				CLANG_WARN_DOCUMENTATION_COMMENTS = YES;
				CLANG_WARN_EMPTY_BODY = YES;
				CLANG_WARN_ENUM_CONVERSION = YES;
				CLANG_WARN_INFINITE_RECURSION = YES;
				CLANG_WARN_INT_CONVERSION = YES;
				CLANG_WARN_NON_LITERAL_NULL_CONVERSION = YES;
				CLANG_WARN_OBJC_IMPLICIT_RETAIN_SELF = YES;
				CLANG_WARN_OBJC_LITERAL_CONVERSION = YES;
				CLANG_WARN_OBJC_ROOT_CLASS = YES_ERROR;
				CLANG_WARN_QUOTED_INCLUDE_IN_FRAMEWORK_HEADER = YES;
				CLANG_WARN_RANGE_LOOP_ANALYSIS = YES;
				CLANG_WARN_STRICT_PROTOTYPES = YES;
				CLANG_WARN_SUSPICIOUS_MOVE = YES;
				CLANG_WARN_UNGUARDED_AVAILABILITY = YES_AGGRESSIVE;
				CLANG_WARN_UNREACHABLE_CODE = YES;
				CLANG_WARN__DUPLICATE_METHOD_MATCH = YES;
				COPY_PHASE_STRIP = NO;
				DEBUG_INFORMATION_FORMAT = dwarf;
				DEVELOPMENT_TEAM = J3KHZ2BPWZ;
				ENABLE_STRICT_OBJC_MSGSEND = YES;
				ENABLE_TESTABILITY = YES;
				ENABLE_USER_SCRIPT_SANDBOXING = YES;
				GCC_C_LANGUAGE_STANDARD = gnu17;
				GCC_DYNAMIC_NO_PIC = NO;
				GCC_NO_COMMON_BLOCKS = YES;
				GCC_OPTIMIZATION_LEVEL = 0;
				GCC_PREPROCESSOR_DEFINITIONS = (
					"DEBUG=1",
					"$(inherited)",
				);
				GCC_WARN_64_TO_32_BIT_CONVERSION = YES;
				GCC_WARN_ABOUT_RETURN_TYPE = YES_ERROR;
				GCC_WARN_UNDECLARED_SELECTOR = YES;
				GCC_WARN_UNINITIALIZED_AUTOS = YES_AGGRESSIVE;
				GCC_WARN_UNUSED_FUNCTION = YES;
				GCC_WARN_UNUSED_VARIABLE = YES;
				IPHONEOS_DEPLOYMENT_TARGET = 26.5;
				LOCALIZATION_PREFERS_STRING_CATALOGS = YES;
				MTL_ENABLE_DEBUG_INFO = INCLUDE_SOURCE;
				MTL_FAST_MATH = YES;
				ONLY_ACTIVE_ARCH = YES;
				SDKROOT = iphoneos;
				SWIFT_ACTIVE_COMPILATION_CONDITIONS = "DEBUG $(inherited)";
				SWIFT_OPTIMIZATION_LEVEL = "-Onone";
			};
			name = Debug;
		};
		2207A8B030555E42007BEABF /* Release */ = {
			isa = XCBuildConfiguration;
			buildSettings = {
				ALWAYS_SEARCH_USER_PATHS = NO;
				ASSETCATALOG_COMPILER_GENERATE_SWIFT_ASSET_SYMBOL_EXTENSIONS = YES;
				CLANG_ANALYZER_NONNULL = YES;
				CLANG_ANALYZER_NUMBER_OBJECT_CONVERSION = YES_AGGRESSIVE;
				CLANG_CXX_LANGUAGE_STANDARD = "gnu++20";
				CLANG_ENABLE_MODULES = YES;
				CLANG_ENABLE_OBJC_ARC = YES;
				CLANG_ENABLE_OBJC_WEAK = YES;
				CLANG_WARN_BLOCK_CAPTURE_AUTORELEASING = YES;
				CLANG_WARN_BOOL_CONVERSION = YES;
				CLANG_WARN_COMMA = YES;
				CLANG_WARN_CONSTANT_CONVERSION = YES;
				CLANG_WARN_DEPRECATED_OBJC_IMPLEMENTATIONS = YES;
				CLANG_WARN_DIRECT_OBJC_ISA_USAGE = YES_ERROR;
				CLANG_WARN_DOCUMENTATION_COMMENTS = YES;
				CLANG_WARN_EMPTY_BODY = YES;
				CLANG_WARN_ENUM_CONVERSION = YES;
				CLANG_WARN_INFINITE_RECURSION = YES;
				CLANG_WARN_INT_CONVERSION = YES;
				CLANG_WARN_NON_LITERAL_NULL_CONVERSION = YES;
				CLANG_WARN_OBJC_IMPLICIT_RETAIN_SELF = YES;
				CLANG_WARN_OBJC_LITERAL_CONVERSION = YES;
				CLANG_WARN_OBJC_ROOT_CLASS = YES_ERROR;
				CLANG_WARN_QUOTED_INCLUDE_IN_FRAMEWORK_HEADER = YES;
				CLANG_WARN_RANGE_LOOP_ANALYSIS = YES;
				CLANG_WARN_STRICT_PROTOTYPES = YES;
				CLANG_WARN_SUSPICIOUS_MOVE = YES;
				CLANG_WARN_UNGUARDED_AVAILABILITY = YES_AGGRESSIVE;
				CLANG_WARN_UNREACHABLE_CODE = YES;
				CLANG_WARN__DUPLICATE_METHOD_MATCH = YES;
				COPY_PHASE_STRIP = NO;
				DEBUG_INFORMATION_FORMAT = "dwarf-with-dsym";
				DEVELOPMENT_TEAM = J3KHZ2BPWZ;
				ENABLE_NS_ASSERTIONS = NO;
				ENABLE_STRICT_OBJC_MSGSEND = YES;
				ENABLE_USER_SCRIPT_SANDBOXING = YES;
				GCC_C_LANGUAGE_STANDARD = gnu17;
				GCC_NO_COMMON_BLOCKS = YES;
				GCC_WARN_64_TO_32_BIT_CONVERSION = YES;
				GCC_WARN_ABOUT_RETURN_TYPE = YES_ERROR;
				GCC_WARN_UNDECLARED_SELECTOR = YES;
				GCC_WARN_UNINITIALIZED_AUTOS = YES_AGGRESSIVE;
				GCC_WARN_UNUSED_FUNCTION = YES;
				GCC_WARN_UNUSED_VARIABLE = YES;
				IPHONEOS_DEPLOYMENT_TARGET = 26.5;
				LOCALIZATION_PREFERS_STRING_CATALOGS = YES;
				MTL_ENABLE_DEBUG_INFO = NO;
				MTL_FAST_MATH = YES;
				SDKROOT = iphoneos;
				SWIFT_COMPILATION_MODE = wholemodule;
				VALIDATE_PRODUCT = YES;
			};
			name = Release;
		};
		2207A8B230555E42007BEABF /* Debug */ = {
			isa = XCBuildConfiguration;
			buildSettings = {
				ASSETCATALOG_COMPILER_APPICON_NAME = AppIcon;
				ASSETCATALOG_COMPILER_GLOBAL_ACCENT_COLOR_NAME = AccentColor;
				CODE_SIGN_STYLE = Automatic;
				CURRENT_PROJECT_VERSION = 1;
				DEVELOPMENT_TEAM = J3KHZ2BPWZ;
				ENABLE_PREVIEWS = YES;
				GENERATE_INFOPLIST_FILE = YES;
				INFOPLIST_FILE = CoinWatchCap/Info.plist;
				INFOPLIST_KEY_CFBundleDisplayName = "코인워치";
				INFOPLIST_KEY_NSUserTrackingUsageDescription = "맞춤형 광고를 제공하기 위해 사용자의 활동 데이터를 활용합니다.";
				INFOPLIST_KEY_UIApplicationSceneManifest_Generation = YES;
				INFOPLIST_KEY_UIApplicationSupportsIndirectInputEvents = YES;
				INFOPLIST_KEY_UILaunchScreen_Generation = YES;
				INFOPLIST_KEY_UISupportedInterfaceOrientations_iPad = "UIInterfaceOrientationPortrait UIInterfaceOrientationPortraitUpsideDown UIInterfaceOrientationLandscapeLeft UIInterfaceOrientationLandscapeRight";
				INFOPLIST_KEY_UISupportedInterfaceOrientations_iPhone = "UIInterfaceOrientationPortrait UIInterfaceOrientationLandscapeLeft UIInterfaceOrientationLandscapeRight";
				LD_RUNPATH_SEARCH_PATHS = (
					"$(inherited)",
					"@executable_path/Frameworks",
				);
				MARKETING_VERSION = 1.0.0;
				OTHER_LDFLAGS = "-ObjC";
				PRODUCT_BUNDLE_IDENTIFIER = namu0329.CoinWatchCap;
				PRODUCT_NAME = "$(TARGET_NAME)";
				STRING_CATALOG_GENERATE_SYMBOLS = YES;
				SWIFT_APPROACHABLE_CONCURRENCY = YES;
				SWIFT_DEFAULT_ACTOR_ISOLATION = MainActor;
				SWIFT_EMIT_LOC_STRINGS = YES;
				SWIFT_UPCOMING_FEATURE_MEMBER_IMPORT_VISIBILITY = YES;
				SWIFT_VERSION = 5.0;
				TARGETED_DEVICE_FAMILY = "1,2";
			};
			name = Debug;
		};
		2207A8B330555E42007BEABF /* Release */ = {
			isa = XCBuildConfiguration;
			buildSettings = {
				ASSETCATALOG_COMPILER_APPICON_NAME = AppIcon;
				ASSETCATALOG_COMPILER_GLOBAL_ACCENT_COLOR_NAME = AccentColor;
				CODE_SIGN_STYLE = Automatic;
				CURRENT_PROJECT_VERSION = 1;
				DEVELOPMENT_TEAM = J3KHZ2BPWZ;
				ENABLE_PREVIEWS = YES;
				GENERATE_INFOPLIST_FILE = YES;
				INFOPLIST_FILE = CoinWatchCap/Info.plist;
				INFOPLIST_KEY_CFBundleDisplayName = "코인워치";
				INFOPLIST_KEY_NSUserTrackingUsageDescription = "맞춤형 광고를 제공하기 위해 사용자의 활동 데이터를 활용합니다.";
				INFOPLIST_KEY_UIApplicationSceneManifest_Generation = YES;
				INFOPLIST_KEY_UIApplicationSupportsIndirectInputEvents = YES;
				INFOPLIST_KEY_UILaunchScreen_Generation = YES;
				INFOPLIST_KEY_UISupportedInterfaceOrientations_iPad = "UIInterfaceOrientationPortrait UIInterfaceOrientationPortraitUpsideDown UIInterfaceOrientationLandscapeLeft UIInterfaceOrientationLandscapeRight";
				INFOPLIST_KEY_UISupportedInterfaceOrientations_iPhone = "UIInterfaceOrientationPortrait UIInterfaceOrientationLandscapeLeft UIInterfaceOrientationLandscapeRight";
				LD_RUNPATH_SEARCH_PATHS = (
					"$(inherited)",
					"@executable_path/Frameworks",
				);
				MARKETING_VERSION = 1.0.0;
				OTHER_LDFLAGS = "-ObjC";
				PRODUCT_BUNDLE_IDENTIFIER = namu0329.CoinWatchCap;
				PRODUCT_NAME = "$(TARGET_NAME)";
				STRING_CATALOG_GENERATE_SYMBOLS = YES;
				SWIFT_APPROACHABLE_CONCURRENCY = YES;
				SWIFT_DEFAULT_ACTOR_ISOLATION = MainActor;
				SWIFT_EMIT_LOC_STRINGS = YES;
				SWIFT_UPCOMING_FEATURE_MEMBER_IMPORT_VISIBILITY = YES;
				SWIFT_VERSION = 5.0;
				TARGETED_DEVICE_FAMILY = "1,2";
			};
			name = Release;
		};
/* End XCBuildConfiguration section */

/* Begin XCConfigurationList section */
		2207A8A130555E40007BEABF /* Build configuration list for PBXProject "CoinWatchCap" */ = {
			isa = XCConfigurationList;
			buildConfigurations = (
				2207A8AF30555E42007BEABF /* Debug */,
				2207A8B030555E42007BEABF /* Release */,
			);
			defaultConfigurationIsVisible = 0;
			defaultConfigurationName = Release;
		};
		2207A8B130555E42007BEABF /* Build configuration list for PBXNativeTarget "CoinWatchCap" */ = {
			isa = XCConfigurationList;
			buildConfigurations = (
				2207A8B230555E42007BEABF /* Debug */,
				2207A8B330555E42007BEABF /* Release */,
			);
			defaultConfigurationIsVisible = 0;
			defaultConfigurationName = Release;
		};
/* End XCConfigurationList section */

/* Begin XCRemoteSwiftPackageReference section */
		2207A8B830556157007BEABF /* XCRemoteSwiftPackageReference "swift-package-manager-google-mobile-ads" */ = {
			isa = XCRemoteSwiftPackageReference;
			repositoryURL = "https://github.com/googleads/swift-package-manager-google-mobile-ads";
			requirement = {
				kind = upToNextMajorVersion;
				minimumVersion = 13.9.0;
			};
		};
		2207A8BB30556177007BEABF /* XCRemoteSwiftPackageReference "Unity-Ads-Swift-Package" */ = {
			isa = XCRemoteSwiftPackageReference;
			repositoryURL = "https://github.com/Unity-Technologies/Unity-Ads-Swift-Package";
			requirement = {
				kind = upToNextMajorVersion;
				minimumVersion = 4.20.0;
			};
		};
		2207A8BE30556196007BEABF /* XCRemoteSwiftPackageReference "LevelPlay-Swift-Package" */ = {
			isa = XCRemoteSwiftPackageReference;
			repositoryURL = "https://github.com/ironsource-mobile/LevelPlay-Swift-Package";
			requirement = {
				kind = upToNextMajorVersion;
				minimumVersion = 9.6.0;
			};
		};
		2207A8C1305561B0007BEABF /* XCRemoteSwiftPackageReference "LevelPlay-UnityAds-Adapter-Swift-Package" */ = {
			isa = XCRemoteSwiftPackageReference;
			repositoryURL = "https://github.com/ironsource-mobile/LevelPlay-UnityAds-Adapter-Swift-Package";
			requirement = {
				kind = upToNextMajorVersion;
				minimumVersion = 5.11.0;
			};
		};
		2207A8C730556300007BEABF /* XCRemoteSwiftPackageReference "LevelPlay-AdMob-Adapter-Swift-Package" */ = {
			isa = XCRemoteSwiftPackageReference;
			repositoryURL = "https://github.com/ironsource-mobile/LevelPlay-AdMob-Adapter-Swift-Package";
			requirement = {
				kind = upToNextMajorVersion;
				minimumVersion = 5.14.0;
			};
		};
/* End XCRemoteSwiftPackageReference section */

/* Begin XCSwiftPackageProductDependency section */
		2207A8B930556157007BEABF /* GoogleMobileAds */ = {
			isa = XCSwiftPackageProductDependency;
			package = 2207A8B830556157007BEABF /* XCRemoteSwiftPackageReference "swift-package-manager-google-mobile-ads" */;
			productName = GoogleMobileAds;
		};
		2207A8BC30556177007BEABF /* UnityAds */ = {
			isa = XCSwiftPackageProductDependency;
			package = 2207A8BB30556177007BEABF /* XCRemoteSwiftPackageReference "Unity-Ads-Swift-Package" */;
			productName = UnityAds;
		};
		2207A8BF30556196007BEABF /* UnityMediationSDK */ = {
			isa = XCSwiftPackageProductDependency;
			package = 2207A8BE30556196007BEABF /* XCRemoteSwiftPackageReference "LevelPlay-Swift-Package" */;
			productName = UnityMediationSDK;
		};
		2207A8C2305561B0007BEABF /* UnityAdsAdapter */ = {
			isa = XCSwiftPackageProductDependency;
			package = 2207A8C1305561B0007BEABF /* XCRemoteSwiftPackageReference "LevelPlay-UnityAds-Adapter-Swift-Package" */;
			productName = UnityAdsAdapter;
		};
		2207A8C530556300007BEABF /* AdMobAdapter */ = {
			isa = XCSwiftPackageProductDependency;
			package = 2207A8C730556300007BEABF /* XCRemoteSwiftPackageReference "LevelPlay-AdMob-Adapter-Swift-Package" */;
			productName = AdMobAdapter;
		};
/* End XCSwiftPackageProductDependency section */
	};
	rootObject = 2207A89E30555E40007BEABF /* Project object */;
}
